# This file is autogenerated, do not edit; changes may be undone by the next 'dep ensure'.


[[projects]]
  name = "github.com/gravitational/trace"
  packages = ["."]
  revision = "640274f75816ce3975e730e844290c14936f6288"
  version = "1.0.0"

[[projects]]
  name = "github.com/jonboulle/clockwork"
  packages = ["."]
  revision = "ed104f61ea4877bea08af6f759805674861e968d"

[[projects]]
  name = "github.com/julienschmidt/httprouter"
  packages = ["."]
  revision = "8c199fb6259ffc1af525cc3ad52ee60ba8359669"
  version = "v1.1"

[[projects]]
  name = "github.com/sirupsen/logrus"
  packages = ["."]
  revision = "f006c2ac4710855cf0f916dd6b77acf6b048dc6e"
  version = "v1.0.3"

[[projects]]
  branch = "master"
  name = "golang.org/x/crypto"
  packages = ["ssh/terminal"]
  revision = "81e90905daefcd6fd217b62423c0908922eadb30"

[[projects]]
  name = "golang.org/x/exp"
  packages = ["inotify"]
  revision = "fac9e6d4e3a4bd9d3dd6f47b3c79027a6b64dd0a"

[[projects]]
  name = "golang.org/x/net"
  packages = ["context"]
  revision = "3797cd8864994d713d909eda5e61ede8683fdc12"

[[projects]]
  name = "golang.org/x/sys"
  packages = ["unix","windows"]
  revision = "a646d33e2ee3172a661fc09bca23bb4889a41bc8"

[[projects]]
  name = "gopkg.in/check.v1"
  packages = ["."]
  revision = "11d3bc7aa68e238947792f30573146a3231fc0f1"

[solve-meta]
  analyzer-name = "dep"
  analyzer-version = 1
  inputs-digest = "f1f2ffda6c05f6a4e43d3121552533dc413e2284a9117fbcc0fdffc1c0567f7d"
  solver-name = "gps-cdcl"
  solver-version = 1
